
Microsoft Visual Studio Solution File, Format Version 12.00
# Visual Studio Version 16
VisualStudioVersion = 16.0.30320.27
MinimumVisualStudioVersion = 10.0.40219.1
Project("{FAE04EC0-301F-11D3-BF4B-00C04F79EFBC}") = "WpfApp13-listview2", "WpfApp13-listview2\WpfApp13-listview2.csproj", "{39514929-FB20-4A06-B2C2-126FD71AA56B}"
EndProject
Global
	GlobalSection(SolutionConfigurationPlatforms) = preSolution
		Debug|Any CPU = Debug|Any CPU
		Release|Any CPU = Release|Any CPU
	EndGlobalSection
	GlobalSection(ProjectConfigurationPlatforms) = postSolution
		{39514929-FB20-4A06-B2C2-126FD71AA56B}.Debug|Any CPU.ActiveCfg = Debug|Any CPU
		{39514929-FB20-4A06-B2C2-126FD71AA56B}.Debug|Any CPU.Build.0 = Debug|Any CPU
		{39514929-FB20-4A06-B2C2-126FD71AA56B}.Release|Any CPU.ActiveCfg = Release|Any CPU
		{39514929-FB20-4A06-B2C2-126FD71AA56B}.Release|Any CPU.Build.0 = Release|Any CPU
	EndGlobalSection
	GlobalSection(SolutionProperties) = preSolution
		HideSolutionNode = FALSE
	EndGlobalSection
	GlobalSection(ExtensibilityGlobals) = postSolution
		SolutionGuid = {AE1CEAAD-BCCB-44B2-B319-E2AB101F59C4}
	EndGlobalSection
EndGlobal
